// !$*UTF8*$!
{
	archiveVersion = 1;
	classes = {
	};
	objectVersion = 46;
	objects = {

/* Begin PBXBuildFile section */
		5D8A076D1DDE949B009BAE66 /* main.m in Sources */ = {isa = PBXBuildFile; fileRef = 5D8A076C1DDE949B009BAE66 /* main.m */; };
		5D8A07701DDE949B009BAE66 /* AppDelegate.m in Sources */ = {isa = PBXBuildFile; fileRef = 5D8A076F1DDE949B009BAE66 /* AppDelegate.m */; };
		5D8A07731DDE949B009BAE66 /* ViewController.m in Sources */ = {isa = PBXBuildFile; fileRef = 5D8A07721DDE949B009BAE66 /* ViewController.m */; };
		5D8A07761DDE949B009BAE66 /* Main.storyboard in Resources */ = {isa = PBXBuildFile; fileRef = 5D8A07741DDE949B009BAE66 /* Main.storyboard */; };
		5D8A07781DDE949B009BAE66 /* Assets.xcassets in Resources */ = {isa = PBXBuildFile; fileRef = 5D8A07771DDE949B009BAE66 /* Assets.xcassets */; };
		5D8A077B1DDE949B009BAE66 /* LaunchScreen.storyboard in Resources */ = {isa = PBXBuildFile; fileRef = 5D8A07791DDE949B009BAE66 /* LaunchScreen.storyboard */; };
		5D8A07861DDE949B009BAE66 /* MYViewTests.m in Sources */ = {isa = PBXBuildFile; fileRef = 5D8A07851DDE949B009BAE66 /* MYViewTests.m */; };
		5D8A07911DDE949B009BAE66 /* MYViewUITests.m in Sources */ = {isa = PBXBuildFile; fileRef = 5D8A07901DDE949B009BAE66 /* MYViewUITests.m */; };
/* End PBXBuildFile section */

/* Begin PBXContainerItemProxy section */
		5D8A07821DDE949B009BAE66 /* PBXContainerItemProxy */ = {
			isa = PBXContainerItemProxy;
			containerPortal = 5D8A07601DDE949B009BAE66 /* Project object */;
			proxyType = 1;
			remoteGlobalIDString = 5D8A07671DDE949B009BAE66;
			remoteInfo = MYView;
		};
		5D8A078D1DDE949B009BAE66 /* PBXContainerItemProxy */ = {
			isa = PBXContainerItemProxy;
			containerPortal = 5D8A07601DDE949B009BAE66 /* Project object */;
			proxyType = 1;
			remoteGlobalIDString = 5D8A07671DDE949B009BAE66;
			remoteInfo = MYView;
		};
/* End PBXContainerItemProxy section */

/* Begin PBXFileReference section */
		5D8A07681DDE949B009BAE66 /* MYView.app */ = {isa = PBXFileReference; explicitFileType = wrapper.application; includeInIndex = 0; path = MYView.app; sourceTree = BUILT_PRODUCTS_DIR; };
		5D8A076C1DDE949B009BAE66 /* main.m */ = {isa = PBXFileReference; lastKnownFileType = sourcecode.c.objc; path = main.m; sourceTree = "<group>"; };
		5D8A076E1DDE949B009BAE66 /* AppDelegate.h */ = {isa = PBXFileReference; lastKnownFileType = sourcecode.c.h; path = AppDelegate.h; sourceTree = "<group>"; };
		5D8A076F1DDE949B009BAE66 /* AppDelegate.m */ = {isa = PBXFileReference; lastKnownFileType = sourcecode.c.objc; path = AppDelegate.m; sourceTree = "<group>"; };
		5D8A07711DDE949B009BAE66 /* ViewController.h */ = {isa = PBXFileReference; lastKnownFileType = sourcecode.c.h; path = ViewController.h; sourceTree = "<group>"; };
		5D8A07721DDE949B009BAE66 /* ViewController.m */ = {isa = PBXFileReference; lastKnownFileType = sourcecode.c.objc; path = ViewController.m; sourceTree = "<group>"; };
		5D8A07751DDE949B009BAE66 /* Base */ = {isa = PBXFileReference; lastKnownFileType = file.storyboard; name = Base; path = Base.lproj/Main.storyboard; sourceTree = "<group>"; };
		5D8A07771DDE949B009BAE66 /* Assets.xcassets */ = {isa = PBXFileReference; lastKnownFileType = folder.assetcatalog; path = Assets.xcassets; sourceTree = "<group>"; };
		5D8A077A1DDE949B009BAE66 /* Base */ = {isa = PBXFileReference; lastKnownFileType = file.storyboard; name = Base; path = Base.lproj/LaunchScreen.storyboard; sourceTree = "<group>"; };
		5D8A077C1DDE949B009BAE66 /* Info.plist */ = {isa = PBXFileReference; lastKnownFileType = text.plist.xml; path = Info.plist; sourceTree = "<group>"; };
		5D8A07811DDE949B009BAE66 /* MYViewTests.xctest */ = {isa = PBXFileReference; explicitFileType = wrapper.cfbundle; includeInIndex = 0; path = MYViewTests.xctest; sourceTree = BUILT_PRODUCTS_DIR; };
		5D8A07851DDE949B009BAE66 /* MYViewTests.m */ = {isa = PBXFileReference; lastKnownFileType = sourcecode.c.objc; path = MYViewTests.m; sourceTree = "<group>"; };
		5D8A07871DDE949B009BAE66 /* Info.plist */ = {isa = PBXFileReference; lastKnownFileType = text.plist.xml; path = Info.plist; sourceTree = "<group>"; };
		5D8A078C1DDE949B009BAE66 /* MYViewUITests.xctest */ = {isa = PBXFileReference; explicitFileType = wrapper.cfbundle; includeInIndex = 0; path = MYViewUITests.xctest; sourceTree = BUILT_PRODUCTS_DIR; };
		5D8A07901DDE949B009BAE66 /* MYViewUITests.m */ = {isa = PBXFileReference; lastKnownFileType = sourcecode.c.objc; path = MYViewUITests.m; sourceTree = "<group>"; };
		5D8A07921DDE949B009BAE66 /* Info.plist */ = {isa = PBXFileReference; lastKnownFileType = text.plist.xml; path = Info.plist; sourceTree = "<group>"; };
/* End PBXFileReference section */

/* Begin PBXFrameworksBuildPhase section */
		5D8A07651DDE949B009BAE66 /* Frameworks */ = {
			isa = PBXFrameworksBuildPhase;
			buildActionMask = 2147483647;
			files = (
			);
			runOnlyForDeploymentPostprocessing = 0;
		};
		5D8A077E1DDE949B009BAE66 /* Frameworks */ = {
			isa = PBXFrameworksBuildPhase;
			buildActionMask = 2147483647;
			files = (
			);
			runOnlyForDeploymentPostprocessing = 0;
		};
		5D8A07891DDE949B009BAE66 /* Frameworks */ = {
			isa = PBXFrameworksBuildPhase;
			buildActionMask = 2147483647;
			files = (
			);
			runOnlyForDeploymentPostprocessing = 0;
		};
/* End PBXFrameworksBuildPhase section */

/* Begin PBXGroup section */
		5D8A075F1DDE949B009BAE66 = {
			isa = PBXGroup;
			children = (
				5D8A076A1DDE949B009BAE66 /* MYView */,
				5D8A07841DDE949B009BAE66 /* MYViewTests */,
				5D8A078F1DDE949B009BAE66 /* MYViewUITests */,
				5D8A07691DDE949B009BAE66 /* Products */,
			);
			sourceTree = "<group>";
		};
		5D8A07691DDE949B009BAE66 /* Products */ = {
			isa = PBXGroup;
			children = (
				5D8A07681DDE949B009BAE66 /* MYView.app */,
				5D8A07811DDE949B009BAE66 /* MYViewTests.xctest */,
				5D8A078C1DDE949B009BAE66 /* MYViewUITests.xctest */,
			);
			name = Products;
			sourceTree = "<group>";
		};
		5D8A076A1DDE949B009BAE66 /* MYView */ = {
			isa = PBXGroup;
			children = (
				5D8A076E1DDE949B009BAE66 /* AppDelegate.h */,
				5D8A076F1DDE949B009BAE66 /* AppDelegate.m */,
				5D8A07711DDE949B009BAE66 /* ViewController.h */,
				5D8A07721DDE949B009BAE66 /* ViewController.m */,
				5D8A07741DDE949B009BAE66 /* Main.storyboard */,
				5D8A07771DDE949B009BAE66 /* Assets.xcassets */,
				5D8A07791DDE949B009BAE66 /* LaunchScreen.storyboard */,
				5D8A077C1DDE949B009BAE66 /* Info.plist */,
				5D8A076B1DDE949B009BAE66 /* Supporting Files */,
			);
			path = MYView;
			sourceTree = "<group>";
		};
		5D8A076B1DDE949B009BAE66 /* Supporting Files */ = {
			isa = PBXGroup;
			children = (
				5D8A076C1DDE949B009BAE66 /* main.m */,
			);
			name = "Supporting Files";
			sourceTree = "<group>";
		};
		5D8A07841DDE949B009BAE66 /* MYViewTests */ = {
			isa = PBXGroup;
			children = (
				5D8A07851DDE949B009BAE66 /* MYViewTests.m */,
				5D8A07871DDE949B009BAE66 /* Info.plist */,
			);
			path = MYViewTests;
			sourceTree = "<group>";
		};
		5D8A078F1DDE949B009BAE66 /* MYViewUITests */ = {
			isa = PBXGroup;
			children = (
				5D8A07901DDE949B009BAE66 /* MYViewUITests.m */,
				5D8A07921DDE949B009BAE66 /* Info.plist */,
			);
			path = MYViewUITests;
			sourceTree = "<group>";
		};
/* End PBXGroup section */

/* Begin PBXNativeTarget section */
		5D8A07671DDE949B009BAE66 /* MYView */ = {
			isa = PBXNativeTarget;
			buildConfigurationList = 5D8A07951DDE949B009BAE66 /* Build configuration list for PBXNativeTarget "MYView" */;
			buildPhases = (
				5D8A07641DDE949B009BAE66 /* Sources */,
				5D8A07651DDE949B009BAE66 /* Frameworks */,
				5D8A07661DDE949B009BAE66 /* Resources */,
			);
			buildRules = (
			);
			dependencies = (
			);
			name = MYView;
			productName = MYView;
			productReference = 5D8A07681DDE949B009BAE66 /* MYView.app */;
			productType = "com.apple.product-type.application";
		};
		5D8A07801DDE949B009BAE66 /* MYViewTests */ = {
			isa = PBXNativeTarget;
			buildConfigurationList = 5D8A07981DDE949B009BAE66 /* Build configuration list for PBXNativeTarget "MYViewTests" */;
			buildPhases = (
				5D8A077D1DDE949B009BAE66 /* Sources */,
				5D8A077E1DDE949B009BAE66 /* Frameworks */,
				5D8A077F1DDE949B009BAE66 /* Resources */,
			);
			buildRules = (
			);
			dependencies = (
				5D8A07831DDE949B009BAE66 /* PBXTargetDependency */,
			);
			name = MYViewTests;
			productName = MYViewTests;
			productReference = 5D8A07811DDE949B009BAE66 /* MYViewTests.xctest */;
			productType = "com.apple.product-type.bundle.unit-test";
		};
		5D8A078B1DDE949B009BAE66 /* MYViewUITests */ = {
			isa = PBXNativeTarget;
			buildConfigurationList = 5D8A079B1DDE949B009BAE66 /* Build configuration list for PBXNativeTarget "MYViewUITests" */;
			buildPhases = (
				5D8A07881DDE949B009BAE66 /* Sources */,
				5D8A07891DDE949B009BAE66 /* Frameworks */,
				5D8A078A1DDE949B009BAE66 /* Resources */,
			);
			buildRules = (
			);
			dependencies = (
				5D8A078E1DDE949B009BAE66 /* PBXTargetDependency */,
			);
			name = MYViewUITests;
			productName = MYViewUITests;
			productReference = 5D8A078C1DDE949B009BAE66 /* MYViewUITests.xctest */;
			productType = "com.apple.product-type.bundle.ui-testing";
		};
/* End PBXNativeTarget section */

/* Begin PBXProject section */
		5D8A07601DDE949B009BAE66 /* Project object */ = {
			isa = PBXProject;
			attributes = {
				LastUpgradeCheck = 0800;
				ORGANIZATIONNAME = Asc.inc;
				TargetAttributes = {
					5D8A07671DDE949B009BAE66 = {
						CreatedOnToolsVersion = 8.0;
						DevelopmentTeam = F58RAREVBY;
						ProvisioningStyle = Automatic;
					};
					5D8A07801DDE949B009BAE66 = {
						CreatedOnToolsVersion = 8.0;
						DevelopmentTeam = F58RAREVBY;
						ProvisioningStyle = Automatic;
						TestTargetID = 5D8A07671DDE949B009BAE66;
					};
					5D8A078B1DDE949B009BAE66 = {
						CreatedOnToolsVersion = 8.0;
						DevelopmentTeam = F58RAREVBY;
						ProvisioningStyle = Automatic;
						TestTargetID = 5D8A07671DDE949B009BAE66;
					};
				};
			};
			buildConfigurationList = 5D8A07631DDE949B009BAE66 /* Build configuration list for PBXProject "MYView" */;
			compatibilityVersion = "Xcode 3.2";
			developmentRegion = English;
			hasScannedForEncodings = 0;
			knownRegions = (
				en,
				Base,
			);
			mainGroup = 5D8A075F1DDE949B009BAE66;
			productRefGroup = 5D8A07691DDE949B009BAE66 /* Products */;
			projectDirPath = "";
			projectRoot = "";
			targets = (
				5D8A07671DDE949B009BAE66 /* MYView */,
				5D8A07801DDE949B009BAE66 /* MYViewTests */,
				5D8A078B1DDE949B009BAE66 /* MYViewUITests */,
			);
		};
/* End PBXProject section */

/* Begin PBXResourcesBuildPhase section */
		5D8A07661DDE949B009BAE66 /* Resources */ = {
			isa = PBXResourcesBuildPhase;
			buildActionMask = 2147483647;
			files = (
				5D8A077B1DDE949B009BAE66 /* LaunchScreen.storyboard in Resources */,
				5D8A07781DDE949B009BAE66 /* Assets.xcassets in Resources */,
				5D8A07761DDE949B009BAE66 /* Main.storyboard in Resources */,
			);
			runOnlyForDeploymentPostprocessing = 0;
		};
		5D8A077F1DDE949B009BAE66 /* Resources */ = {
			isa = PBXResourcesBuildPhase;
			buildActionMask = 2147483647;
			files = (
			);
			runOnlyForDeploymentPostprocessing = 0;
		};
		5D8A078A1DDE949B009BAE66 /* Resources */ = {
			isa = PBXResourcesBuildPhase;
			buildActionMask = 2147483647;
			files = (
			);
			runOnlyForDeploymentPostprocessing = 0;
		};
/* End PBXResourcesBuildPhase section */

/* Begin PBXSourcesBuildPhase section */
		5D8A07641DDE949B009BAE66 /* Sources */ = {
			isa = PBXSourcesBuildPhase;
			buildActionMask = 2147483647;
			files = (
				5D8A07731DDE949B009BAE66 /* ViewController.m in Sources */,
				5D8A07701DDE949B009BAE66 /* AppDelegate.m in Sources */,
				5D8A076D1DDE949B009BAE66 /* main.m in Sources */,
			);
			runOnlyForDeploymentPostprocessing = 0;
		};
		5D8A077D1DDE949B009BAE66 /* Sources */ = {
			isa = PBXSourcesBuildPhase;
			buildActionMask = 2147483647;
			files = (
				5D8A07861DDE949B009BAE66 /* MYViewTests.m in Sources */,
			);
			runOnlyForDeploymentPostprocessing = 0;
		};
		5D8A07881DDE949B009BAE66 /* Sources */ = {
			isa = PBXSourcesBuildPhase;
			buildActionMask = 2147483647;
			files = (
				5D8A07911DDE949B009BAE66 /* MYViewUITests.m in Sources */,
			);
			runOnlyForDeploymentPostprocessing = 0;
		};
/* End PBXSourcesBuildPhase section */

/* Begin PBXTargetDependency section */
		5D8A07831DDE949B009BAE66 /* PBXTargetDependency */ = {
			isa = PBXTargetDependency;
			target = 5D8A07671DDE949B009BAE66 /* MYView */;
			targetProxy = 5D8A07821DDE949B009BAE66 /* PBXContainerItemProxy */;
		};
		5D8A078E1DDE949B009BAE66 /* PBXTargetDependency */ = {
			isa = PBXTargetDependency;
			target = 5D8A07671DDE949B009BAE66 /* MYView */;
			targetProxy = 5D8A078D1DDE949B009BAE66 /* PBXContainerItemProxy */;
		};
/* End PBXTargetDependency section */

/* Begin PBXVariantGroup section */
		5D8A07741DDE949B009BAE66 /* Main.storyboard */ = {
			isa = PBXVariantGroup;
			children = (
				5D8A07751DDE949B009BAE66 /* Base */,
			);
			name = Main.storyboard;
			sourceTree = "<group>";
		};
		5D8A07791DDE949B009BAE66 /* LaunchScreen.storyboard */ = {
			isa = PBXVariantGroup;
			children = (
				5D8A077A1DDE949B009BAE66 /* Base */,
			);
			name = LaunchScreen.storyboard;
			sourceTree = "<group>";
		};
/* End PBXVariantGroup section */

/* Begin XCBuildConfiguration section */
		5D8A07931DDE949B009BAE66 /* Debug */ = {
			isa = XCBuildConfiguration;
			buildSettings = {
				ALWAYS_SEARCH_USER_PATHS = NO;
				CLANG_ANALYZER_NONNULL = YES;
				CLANG_CXX_LANGUAGE_STANDARD = "gnu++0x";
				CLANG_CXX_LIBRARY = "libc++";
				CLANG_ENABLE_MODULES = YES;
				CLANG_ENABLE_OBJC_ARC = YES;
				CLANG_WARN_BOOL_CONVERSION = YES;
				CLANG_WARN_CONSTANT_CONVERSION = YES;
				CLANG_WARN_DIRECT_OBJC_ISA_USAGE = YES_ERROR;
				CLANG_WARN_DOCUMENTATION_COMMENTS = YES;
				CLANG_WARN_EMPTY_BODY = YES;
				CLANG_WARN_ENUM_CONVERSION = YES;
				CLANG_WARN_INFINITE_RECURSION = YES;
				CLANG_WARN_INT_CONVERSION = YES;
				CLANG_WARN_OBJC_ROOT_CLASS = YES_ERROR;
				CLANG_WARN_SUSPICIOUS_MOVES = YES;
				CLANG_WARN_UNREACHABLE_CODE = YES;
				CLANG_WARN__DUPLICATE_METHOD_MATCH = YES;
				"CODE_SIGN_IDENTITY[sdk=iphoneos*]" = "iPhone Developer";
				COPY_PHASE_STRIP = NO;
				DEBUG_INFORMATION_FORMAT = dwarf;
				ENABLE_STRICT_OBJC_MSGSEND = YES;
				ENABLE_TESTABILITY = YES;
				GCC_C_LANGUAGE_STANDARD = gnu99;
				GCC_DYNAMIC_NO_PIC = NO;
				GCC_NO_COMMON_BLOCKS = YES;
				GCC_OPTIMIZATION_LEVEL = 0;
				GCC_PREPROCESSOR_DEFINITIONS = (
					"DEBUG=1",
					"$(inherited)",
				);
				GCC_WARN_64_TO_32_BIT_CONVERSION = YES;
				GCC_WARN_ABOUT_RETURN_TYPE = YES_ERROR;
				GCC_WARN_UNDECLARED_SELECTOR = YES;
				GCC_WARN_UNINITIALIZED_AUTOS = YES_AGGRESSIVE;
				GCC_WARN_UNUSED_FUNCTION = YES;
				GCC_WARN_UNUSED_VARIABLE = YES;
				IPHONEOS_DEPLOYMENT_TARGET = 10.0;
				MTL_ENABLE_DEBUG_INFO = YES;
				ONLY_ACTIVE_ARCH = YES;
				SDKROOT = iphoneos;
				TARGETED_DEVICE_FAMILY = "1,2";
			};
			name = Debug;
		};
		5D8A07941DDE949B009BAE66 /* Release */ = {
			isa = XCBuildConfiguration;
			buildSettings = {
				ALWAYS_SEARCH_USER_PATHS = NO;
				CLANG_ANALYZER_NONNULL = YES;
				CLANG_CXX_LANGUAGE_STANDARD = "gnu++0x";
				CLANG_CXX_LIBRARY = "libc++";
				CLANG_ENABLE_MODULES = YES;
				CLANG_ENABLE_OBJC_ARC = YES;
				CLANG_WARN_BOOL_CONVERSION = YES;
				CLANG_WARN_CONSTANT_CONVERSION = YES;
				CLANG_WARN_DIRECT_OBJC_ISA_USAGE = YES_ERROR;
				CLANG_WARN_DOCUMENTATION_COMMENTS = YES;
				CLANG_WARN_EMPTY_BODY = YES;
				CLANG_WARN_ENUM_CONVERSION = YES;
				CLANG_WARN_INFINITE_RECURSION = YES;
				CLANG_WARN_INT_CONVERSION = YES;
				CLANG_WARN_OBJC_ROOT_CLASS = YES_ERROR;
				CLANG_WARN_SUSPICIOUS_MOVES = YES;
				CLANG_WARN_UNREACHABLE_CODE = YES;
				CLANG_WARN__DUPLICATE_METHOD_MATCH = YES;
				"CODE_SIGN_IDENTITY[sdk=iphoneos*]" = "iPhone Developer";
				COPY_PHASE_STRIP = NO;
				DEBUG_INFORMATION_FORMAT = "dwarf-with-dsym";
				ENABLE_NS_ASSERTIONS = NO;
				ENABLE_STRICT_OBJC_MSGSEND = YES;
				GCC_C_LANGUAGE_STANDARD = gnu99;
				GCC_NO_COMMON_BLOCKS = YES;
				GCC_WARN_64_TO_32_BIT_CONVERSION = YES;
				GCC_WARN_ABOUT_RETURN_TYPE = YES_ERROR;
				GCC_WARN_UNDECLARED_SELECTOR = YES;
				GCC_WARN_UNINITIALIZED_AUTOS = YES_AGGRESSIVE;
				GCC_WARN_UNUSED_FUNCTION = YES;
				GCC_WARN_UNUSED_VARIABLE = YES;
				IPHONEOS_DEPLOYMENT_TARGET = 10.0;
				MTL_ENABLE_DEBUG_INFO = NO;
				SDKROOT = iphoneos;
				TARGETED_DEVICE_FAMILY = "1,2";
				VALIDATE_PRODUCT = YES;
			};
			name = Release;
		};
		5D8A07961DDE949B009BAE66 /* Debug */ = {
			isa = XCBuildConfiguration;
			buildSettings = {
				ASSETCATALOG_COMPILER_APPICON_NAME = AppIcon;
				DEVELOPMENT_TEAM = F58RAREVBY;
				INFOPLIST_FILE = MYView/Info.plist;
				LD_RUNPATH_SEARCH_PATHS = "$(inherited) @executable_path/Frameworks";
				PRODUCT_BUNDLE_IDENTIFIER = agilesc.com.MYView;
				PRODUCT_NAME = "$(TARGET_NAME)";
			};
			name = Debug;
		};
		5D8A07971DDE949B009BAE66 /* Release */ = {
			isa = XCBuildConfiguration;
			buildSettings = {
				ASSETCATALOG_COMPILER_APPICON_NAME = AppIcon;
				DEVELOPMENT_TEAM = F58RAREVBY;
				INFOPLIST_FILE = MYView/Info.plist;
				LD_RUNPATH_SEARCH_PATHS = "$(inherited) @executable_path/Frameworks";
				PRODUCT_BUNDLE_IDENTIFIER = agilesc.com.MYView;
				PRODUCT_NAME = "$(TARGET_NAME)";
			};
			name = Release;
		};
		5D8A07991DDE949B009BAE66 /* Debug */ = {
			isa = XCBuildConfiguration;
			buildSettings = {
				BUNDLE_LOADER = "$(TEST_HOST)";
				DEVELOPMENT_TEAM = F58RAREVBY;
				INFOPLIST_FILE = MYViewTests/Info.plist;
				LD_RUNPATH_SEARCH_PATHS = "$(inherited) @executable_path/Frameworks @loader_path/Frameworks";
				PRODUCT_BUNDLE_IDENTIFIER = agilesc.com.MYViewTests;
				PRODUCT_NAME = "$(TARGET_NAME)";
				TEST_HOST = "$(BUILT_PRODUCTS_DIR)/MYView.app/MYView";
			};
			name = Debug;
		};
		5D8A079A1DDE949B009BAE66 /* Release */ = {
			isa = XCBuildConfiguration;
			buildSettings = {
				BUNDLE_LOADER = "$(TEST_HOST)";
				DEVELOPMENT_TEAM = F58RAREVBY;
				INFOPLIST_FILE = MYViewTests/Info.plist;
				LD_RUNPATH_SEARCH_PATHS = "$(inherited) @executable_path/Frameworks @loader_path/Frameworks";
				PRODUCT_BUNDLE_IDENTIFIER = agilesc.com.MYViewTests;
				PRODUCT_NAME = "$(TARGET_NAME)";
				TEST_HOST = "$(BUILT_PRODUCTS_DIR)/MYView.app/MYView";
			};
			name = Release;
		};
		5D8A079C1DDE949B009BAE66 /* Debug */ = {
			isa = XCBuildConfiguration;
			buildSettings = {
				DEVELOPMENT_TEAM = F58RAREVBY;
				INFOPLIST_FILE = MYViewUITests/Info.plist;
				LD_RUNPATH_SEARCH_PATHS = "$(inherited) @executable_path/Frameworks @loader_path/Frameworks";
				PRODUCT_BUNDLE_IDENTIFIER = agilesc.com.MYViewUITests;
				PRODUCT_NAME = "$(TARGET_NAME)";
				TEST_TARGET_NAME = MYView;
			};
			name = Debug;
		};
		5D8A079D1DDE949B009BAE66 /* Release */ = {
			isa = XCBuildConfiguration;
			buildSettings = {
				DEVELOPMENT_TEAM = F58RAREVBY;
				INFOPLIST_FILE = MYViewUITests/Info.plist;
				LD_RUNPATH_SEARCH_PATHS = "$(inherited) @executable_path/Frameworks @loader_path/Frameworks";
				PRODUCT_BUNDLE_IDENTIFIER = agilesc.com.MYViewUITests;
				PRODUCT_NAME = "$(TARGET_NAME)";
				TEST_TARGET_NAME = MYView;
			};
			name = Release;
		};
/* End XCBuildConfiguration section */

/* Begin XCConfigurationList section */
		5D8A07631DDE949B009BAE66 /* Build configuration list for PBXProject "MYView" */ = {
			isa = XCConfigurationList;
			buildConfigurations = (
				5D8A07931DDE949B009BAE66 /* Debug */,
				5D8A07941DDE949B009BAE66 /* Release */,
			);
			defaultConfigurationIsVisible = 0;
			defaultConfigurationName = Release;
		};
		5D8A07951DDE949B009BAE66 /* Build configuration list for PBXNativeTarget "MYView" */ = {
			isa = XCConfigurationList;
			buildConfigurations = (
				5D8A07961DDE949B009BAE66 /* Debug */,
				5D8A07971DDE949B009BAE66 /* Release */,
			);
			defaultConfigurationIsVisible = 0;
		};
		5D8A07981DDE949B009BAE66 /* Build configuration list for PBXNativeTarget "MYViewTests" */ = {
			isa = XCConfigurationList;
			buildConfigurations = (
				5D8A07991DDE949B009BAE66 /* Debug */,
				5D8A079A1DDE949B009BAE66 /* Release */,
			);
			defaultConfigurationIsVisible = 0;
		};
		5D8A079B1DDE949B009BAE66 /* Build configuration list for PBXNativeTarget "MYViewUITests" */ = {
			isa = XCConfigurationList;
			buildConfigurations = (
				5D8A079C1DDE949B009BAE66 /* Debug */,
				5D8A079D1DDE949B009BAE66 /* Release */,
			);
			defaultConfigurationIsVisible = 0;
		};
/* End XCConfigurationList section */
	};
	rootObject = 5D8A07601DDE949B009BAE66 /* Project object */;
}
